// !$*UTF8*$!
{
	archiveVersion = 1;
	classes = {
	};
	objectVersion = 77;
	objects = {

/* Begin PBXContainerItemProxy section */
		FB4DF8352DBD3A530063EA35 /* PBXContainerItemProxy */ = {
			isa = PBXContainerItemProxy;
			containerPortal = FB4DF81F2DBD3A520063EA35 /* Project object */;
			proxyType = 1;
			remoteGlobalIDString = FB4DF8262DBD3A520063EA35;
			remoteInfo = JSON_Handeling;
		};
		FB4DF83F2DBD3A530063EA35 /* PBXContainerItemProxy */ = {
			isa = PBXContainerItemProxy;
			containerPortal = FB4DF81F2DBD3A520063EA35 /* Project object */;
			proxyType = 1;
			remoteGlobalIDString = FB4DF8262DBD3A520063EA35;
			remoteInfo = JSON_Handeling;
		};
/* End PBXContainerItemProxy section */

/* Begin PBXFileReference section */
		FB4DF8272DBD3A520063EA35 /* BreedFinder.app */ = {isa = PBXFileReference; explicitFileType = wrapper.application; includeInIndex = 0; path = BreedFinder.app; sourceTree = BUILT_PRODUCTS_DIR; };
		FB4DF8342DBD3A530063EA35 /* BreedFinderTests.xctest */ = {isa = PBXFileReference; explicitFileType = wrapper.cfbundle; includeInIndex = 0; path = BreedFinderTests.xctest; sourceTree = BUILT_PRODUCTS_DIR; };
		FB4DF83E2DBD3A530063EA35 /* BreedFinderUITests.xctest */ = {isa = PBXFileReference; explicitFileType = wrapper.cfbundle; includeInIndex = 0; path = BreedFinderUITests.xctest; sourceTree = BUILT_PRODUCTS_DIR; };
/* End PBXFileReference section */

/* Begin PBXFileSystemSynchronizedRootGroup section */
		FB4DF8292DBD3A520063EA35 /* BreedFinder */ = {
			isa = PBXFileSystemSynchronizedRootGroup;
			path = BreedFinder;
			sourceTree = "<group>";
		};
		FB4DF8372DBD3A530063EA35 /* BreedFinderTests  */ = {
			isa = PBXFileSystemSynchronizedRootGroup;
			path = "BreedFinderTests ";
			sourceTree = "<group>";
		};
		FB4DF8412DBD3A530063EA35 /* BreedFinderUITests  */ = {
			isa = PBXFileSystemSynchronizedRootGroup;
			path = "BreedFinderUITests ";
			sourceTree = "<group>";
		};
/* End PBXFileSystemSynchronizedRootGroup section */

/* Begin PBXFrameworksBuildPhase section */
		FB4DF8242DBD3A520063EA35 /* Frameworks */ = {
			isa = PBXFrameworksBuildPhase;
			buildActionMask = 2147483647;
			files = (
			);
			runOnlyForDeploymentPostprocessing = 0;
		};
		FB4DF8312DBD3A530063EA35 /* Frameworks */ = {
			isa = PBXFrameworksBuildPhase;
			buildActionMask = 2147483647;
			files = (
			);
			runOnlyForDeploymentPostprocessing = 0;
		};
		FB4DF83B2DBD3A530063EA35 /* Frameworks */ = {
			isa = PBXFrameworksBuildPhase;
			buildActionMask = 2147483647;
			files = (
			);
			runOnlyForDeploymentPostprocessing = 0;
		};
/* End PBXFrameworksBuildPhase section */

/* Begin PBXGroup section */
		FB4DF81E2DBD3A520063EA35 = {
			isa = PBXGroup;
			children = (
				FB4DF8292DBD3A520063EA35 /* BreedFinder */,
				FB4DF8372DBD3A530063EA35 /* BreedFinderTests  */,
				FB4DF8412DBD3A530063EA35 /* BreedFinderUITests  */,
				FB4DF8282DBD3A520063EA35 /* Products */,
			);
			sourceTree = "<group>";
		};
		FB4DF8282DBD3A520063EA35 /* Products */ = {
			isa = PBXGroup;
			children = (
				FB4DF8272DBD3A520063EA35 /* BreedFinder.app */,
				FB4DF8342DBD3A530063EA35 /* BreedFinderTests.xctest */,
				FB4DF83E2DBD3A530063EA35 /* BreedFinderUITests.xctest */,
			);
			name = Products;
			sourceTree = "<group>";
		};
/* End PBXGroup section */

/* Begin PBXNativeTarget section */
		FB4DF8262DBD3A520063EA35 /* BreedFinder */ = {
			isa = PBXNativeTarget;
			buildConfigurationList = FB4DF8482DBD3A530063EA35 /* Build configuration list for PBXNativeTarget "BreedFinder" */;
			buildPhases = (
				FB4DF8232DBD3A520063EA35 /* Sources */,
				FB4DF8242DBD3A520063EA35 /* Frameworks */,
				FB4DF8252DBD3A520063EA35 /* Resources */,
			);
			buildRules = (
			);
			dependencies = (
			);
			fileSystemSynchronizedGroups = (
				FB4DF8292DBD3A520063EA35 /* BreedFinder */,
			);
			name = BreedFinder;
			packageProductDependencies = (
			);
			productName = JSON_Handeling;
			productReference = FB4DF8272DBD3A520063EA35 /* BreedFinder.app */;
			productType = "com.apple.product-type.application";
		};
		FB4DF8332DBD3A530063EA35 /* BreedFinderTests */ = {
			isa = PBXNativeTarget;
			buildConfigurationList = FB4DF84B2DBD3A530063EA35 /* Build configuration list for PBXNativeTarget "BreedFinderTests" */;
			buildPhases = (
				FB4DF8302DBD3A530063EA35 /* Sources */,
				FB4DF8312DBD3A530063EA35 /* Frameworks */,
				FB4DF8322DBD3A530063EA35 /* Resources */,
			);
			buildRules = (
			);
			dependencies = (
				FB4DF8362DBD3A530063EA35 /* PBXTargetDependency */,
			);
			fileSystemSynchronizedGroups = (
				FB4DF8372DBD3A530063EA35 /* BreedFinderTests  */,
			);
			name = BreedFinderTests;
			packageProductDependencies = (
			);
			productName = JSON_HandelingTests;
			productReference = FB4DF8342DBD3A530063EA35 /* BreedFinderTests.xctest */;
			productType = "com.apple.product-type.bundle.unit-test";
		};
		FB4DF83D2DBD3A530063EA35 /* BreedFinderUITests */ = {
			isa = PBXNativeTarget;
			buildConfigurationList = FB4DF84E2DBD3A530063EA35 /* Build configuration list for PBXNativeTarget "BreedFinderUITests" */;
			buildPhases = (
				FB4DF83A2DBD3A530063EA35 /* Sources */,
				FB4DF83B2DBD3A530063EA35 /* Frameworks */,
				FB4DF83C2DBD3A530063EA35 /* Resources */,
			);
			buildRules = (
			);
			dependencies = (
				FB4DF8402DBD3A530063EA35 /* PBXTargetDependency */,
			);
			fileSystemSynchronizedGroups = (
				FB4DF8412DBD3A530063EA35 /* BreedFinderUITests  */,
			);
			name = BreedFinderUITests;
			packageProductDependencies = (
			);
			productName = JSON_HandelingUITests;
			productReference = FB4DF83E2DBD3A530063EA35 /* BreedFinderUITests.xctest */;
			productType = "com.apple.product-type.bundle.ui-testing";
		};
/* End PBXNativeTarget section */

/* Begin PBXProject section */
		FB4DF81F2DBD3A520063EA35 /* Project object */ = {
			isa = PBXProject;
			attributes = {
				BuildIndependentTargetsInParallel = 1;
				LastSwiftUpdateCheck = 1630;
				LastUpgradeCheck = 1630;
				TargetAttributes = {
					FB4DF8262DBD3A520063EA35 = {
						CreatedOnToolsVersion = 16.3;
					};
					FB4DF8332DBD3A530063EA35 = {
						CreatedOnToolsVersion = 16.3;
						TestTargetID = FB4DF8262DBD3A520063EA35;
					};
					FB4DF83D2DBD3A530063EA35 = {
						CreatedOnToolsVersion = 16.3;
						TestTargetID = FB4DF8262DBD3A520063EA35;
					};
				};
			};
			buildConfigurationList = FB4DF8222DBD3A520063EA35 /* Build configuration list for PBXProject "BreedFinder" */;
			developmentRegion = en;
			hasScannedForEncodings = 0;
			knownRegions = (
				en,
				Base,
			);
			mainGroup = FB4DF81E2DBD3A520063EA35;
			minimizedProjectReferenceProxies = 1;
			preferredProjectObjectVersion = 77;
			productRefGroup = FB4DF8282DBD3A520063EA35 /* Products */;
			projectDirPath = "";
			projectRoot = "";
			targets = (
				FB4DF8262DBD3A520063EA35 /* BreedFinder */,
				FB4DF8332DBD3A530063EA35 /* BreedFinderTests */,
				FB4DF83D2DBD3A530063EA35 /* BreedFinderUITests */,
			);
		};
/* End PBXProject section */

/* Begin PBXResourcesBuildPhase section */
		FB4DF8252DBD3A520063EA35 /* Resources */ = {
			isa = PBXResourcesBuildPhase;
			buildActionMask = 2147483647;
			files = (
			);
			runOnlyForDeploymentPostprocessing = 0;
		};
		FB4DF8322DBD3A530063EA35 /* Resources */ = {
			isa = PBXResourcesBuildPhase;
			buildActionMask = 2147483647;
			files = (
			);
			runOnlyForDeploymentPostprocessing = 0;
		};
		FB4DF83C2DBD3A530063EA35 /* Resources */ = {
			isa = PBXResourcesBuildPhase;
			buildActionMask = 2147483647;
			files = (
			);
			runOnlyForDeploymentPostprocessing = 0;
		};
/* End PBXResourcesBuildPhase section */

/* Begin PBXSourcesBuildPhase section */
		FB4DF8232DBD3A520063EA35 /* Sources */ = {
			isa = PBXSourcesBuildPhase;
			buildActionMask = 2147483647;
			files = (
			);
			runOnlyForDeploymentPostprocessing = 0;
		};
		FB4DF8302DBD3A530063EA35 /* Sources */ = {
			isa = PBXSourcesBuildPhase;
			buildActionMask = 2147483647;
			files = (
			);
			runOnlyForDeploymentPostprocessing = 0;
		};
		FB4DF83A2DBD3A530063EA35 /* Sources */ = {
			isa = PBXSourcesBuildPhase;
			buildActionMask = 2147483647;
			files = (
			);
			runOnlyForDeploymentPostprocessing = 0;
		};
/* End PBXSourcesBuildPhase section */

/* Begin PBXTargetDependency section */
		FB4DF8362DBD3A530063EA35 /* PBXTargetDependency */ = {
			isa = PBXTargetDependency;
			target = FB4DF8262DBD3A520063EA35 /* BreedFinder */;
			targetProxy = FB4DF8352DBD3A530063EA35 /* PBXContainerItemProxy */;
		};
		FB4DF8402DBD3A530063EA35 /* PBXTargetDependency */ = {
			isa = PBXTargetDependency;
			target = FB4DF8262DBD3A520063EA35 /* BreedFinder */;
			targetProxy = FB4DF83F2DBD3A530063EA35 /* PBXContainerItemProxy */;
		};
/* End PBXTargetDependency section */

/* Begin XCBuildConfiguration section */
		FB4DF8462DBD3A530063EA35 /* Debug */ = {
			isa = XCBuildConfiguration;
			buildSettings = {
				ALWAYS_SEARCH_USER_PATHS = NO;
				ASSETCATALOG_COMPILER_GENERATE_SWIFT_ASSET_SYMBOL_EXTENSIONS = YES;
				CLANG_ANALYZER_NONNULL = YES;
				CLANG_ANALYZER_NUMBER_OBJECT_CONVERSION = YES_AGGRESSIVE;
				CLANG_CXX_LANGUAGE_STANDARD = "gnu++20";
				CLANG_ENABLE_MODULES = YES;
				CLANG_ENABLE_OBJC_ARC = YES;
				CLANG_ENABLE_OBJC_WEAK = YES;
				CLANG_WARN_BLOCK_CAPTURE_AUTORELEASING = YES;
				CLANG_WARN_BOOL_CONVERSION = YES;
				CLANG_WARN_COMMA = YES;
				CLANG_WARN_CONSTANT_CONVERSION = YES;
				CLANG_WARN_DEPRECATED_OBJC_IMPLEMENTATIONS = YES;
				CLANG_WARN_DIRECT_OBJC_ISA_USAGE = YES_ERROR;
				CLANG_WARN_DOCUMENTATION_COMMENTS = YES;
				CLANG_WARN_EMPTY_BODY = YES;
				CLANG_WARN_ENUM_CONVERSION = YES;
				CLANG_WARN_INFINITE_RECURSION = YES;
				CLANG_WARN_INT_CONVERSION = YES;
				CLANG_WARN_NON_LITERAL_NULL_CONVERSION = YES;
				CLANG_WARN_OBJC_IMPLICIT_RETAIN_SELF = YES;
				CLANG_WARN_OBJC_LITERAL_CONVERSION = YES;
				CLANG_WARN_OBJC_ROOT_CLASS = YES_ERROR;
				CLANG_WARN_QUOTED_INCLUDE_IN_FRAMEWORK_HEADER = YES;
				CLANG_WARN_RANGE_LOOP_ANALYSIS = YES;
				CLANG_WARN_STRICT_PROTOTYPES = YES;
				CLANG_WARN_SUSPICIOUS_MOVE = YES;
				CLANG_WARN_UNGUARDED_AVAILABILITY = YES_AGGRESSIVE;
				CLANG_WARN_UNREACHABLE_CODE = YES;
				CLANG_WARN__DUPLICATE_METHOD_MATCH = YES;
				COPY_PHASE_STRIP = NO;
				DEBUG_INFORMATION_FORMAT = dwarf;
				DEVELOPMENT_TEAM = U6XPHL92Z6;
				ENABLE_STRICT_OBJC_MSGSEND = YES;
				ENABLE_TESTABILITY = YES;
				ENABLE_USER_SCRIPT_SANDBOXING = YES;
				GCC_C_LANGUAGE_STANDARD = gnu17;
				GCC_DYNAMIC_NO_PIC = NO;
				GCC_NO_COMMON_BLOCKS = YES;
				GCC_OPTIMIZATION_LEVEL = 0;
				GCC_PREPROCESSOR_DEFINITIONS = (
					"DEBUG=1",
					"$(inherited)",
				);
				GCC_WARN_64_TO_32_BIT_CONVERSION = YES;
				GCC_WARN_ABOUT_RETURN_TYPE = YES_ERROR;
				GCC_WARN_UNDECLARED_SELECTOR = YES;
				GCC_WARN_UNINITIALIZED_AUTOS = YES_AGGRESSIVE;
				GCC_WARN_UNUSED_FUNCTION = YES;
				GCC_WARN_UNUSED_VARIABLE = YES;
				IPHONEOS_DEPLOYMENT_TARGET = 18.4;
				LOCALIZATION_PREFERS_STRING_CATALOGS = YES;
				MTL_ENABLE_DEBUG_INFO = INCLUDE_SOURCE;
				MTL_FAST_MATH = YES;
				ONLY_ACTIVE_ARCH = YES;
				SDKROOT = iphoneos;
				SWIFT_ACTIVE_COMPILATION_CONDITIONS = "DEBUG $(inherited)";
				SWIFT_OPTIMIZATION_LEVEL = "-Onone";
			};
			name = Debug;
		};
		FB4DF8472DBD3A530063EA35 /* Release */ = {
			isa = XCBuildConfiguration;
			buildSettings = {
				ALWAYS_SEARCH_USER_PATHS = NO;
				ASSETCATALOG_COMPILER_GENERATE_SWIFT_ASSET_SYMBOL_EXTENSIONS = YES;
				CLANG_ANALYZER_NONNULL = YES;
				CLANG_ANALYZER_NUMBER_OBJECT_CONVERSION = YES_AGGRESSIVE;
				CLANG_CXX_LANGUAGE_STANDARD = "gnu++20";
				CLANG_ENABLE_MODULES = YES;
				CLANG_ENABLE_OBJC_ARC = YES;
				CLANG_ENABLE_OBJC_WEAK = YES;
				CLANG_WARN_BLOCK_CAPTURE_AUTORELEASING = YES;
				CLANG_WARN_BOOL_CONVERSION = YES;
				CLANG_WARN_COMMA = YES;
				CLANG_WARN_CONSTANT_CONVERSION = YES;
				CLANG_WARN_DEPRECATED_OBJC_IMPLEMENTATIONS = YES;
				CLANG_WARN_DIRECT_OBJC_ISA_USAGE = YES_ERROR;
				CLANG_WARN_DOCUMENTATION_COMMENTS = YES;
				CLANG_WARN_EMPTY_BODY = YES;
				CLANG_WARN_ENUM_CONVERSION = YES;
				CLANG_WARN_INFINITE_RECURSION = YES;
				CLANG_WARN_INT_CONVERSION = YES;
				CLANG_WARN_NON_LITERAL_NULL_CONVERSION = YES;
				CLANG_WARN_OBJC_IMPLICIT_RETAIN_SELF = YES;
				CLANG_WARN_OBJC_LITERAL_CONVERSION = YES;
				CLANG_WARN_OBJC_ROOT_CLASS = YES_ERROR;
				CLANG_WARN_QUOTED_INCLUDE_IN_FRAMEWORK_HEADER = YES;
				CLANG_WARN_RANGE_LOOP_ANALYSIS = YES;
				CLANG_WARN_STRICT_PROTOTYPES = YES;
				CLANG_WARN_SUSPICIOUS_MOVE = YES;
				CLANG_WARN_UNGUARDED_AVAILABILITY = YES_AGGRESSIVE;
				CLANG_WARN_UNREACHABLE_CODE = YES;
				CLANG_WARN__DUPLICATE_METHOD_MATCH = YES;
				COPY_PHASE_STRIP = NO;
				DEBUG_INFORMATION_FORMAT = "dwarf-with-dsym";
				DEVELOPMENT_TEAM = U6XPHL92Z6;
				ENABLE_NS_ASSERTIONS = NO;
				ENABLE_STRICT_OBJC_MSGSEND = YES;
				ENABLE_USER_SCRIPT_SANDBOXING = YES;
				GCC_C_LANGUAGE_STANDARD = gnu17;
				GCC_NO_COMMON_BLOCKS = YES;
				GCC_WARN_64_TO_32_BIT_CONVERSION = YES;
				GCC_WARN_ABOUT_RETURN_TYPE = YES_ERROR;
				GCC_WARN_UNDECLARED_SELECTOR = YES;
				GCC_WARN_UNINITIALIZED_AUTOS = YES_AGGRESSIVE;
				GCC_WARN_UNUSED_FUNCTION = YES;
				GCC_WARN_UNUSED_VARIABLE = YES;
				IPHONEOS_DEPLOYMENT_TARGET = 18.4;
				LOCALIZATION_PREFERS_STRING_CATALOGS = YES;
				MTL_ENABLE_DEBUG_INFO = NO;
				MTL_FAST_MATH = YES;
				SDKROOT = iphoneos;
				SWIFT_COMPILATION_MODE = wholemodule;
				VALIDATE_PRODUCT = YES;
			};
			name = Release;
		};
		FB4DF8492DBD3A530063EA35 /* Debug */ = {
			isa = XCBuildConfiguration;
			buildSettings = {
				ASSETCATALOG_COMPILER_APPICON_NAME = AppIcon;
				ASSETCATALOG_COMPILER_GLOBAL_ACCENT_COLOR_NAME = AccentColor;
				CODE_SIGN_STYLE = Automatic;
				CURRENT_PROJECT_VERSION = 1;
				DEVELOPMENT_TEAM = U6XPHL92Z6;
				ENABLE_PREVIEWS = YES;
				GENERATE_INFOPLIST_FILE = YES;
				INFOPLIST_KEY_CFBundleDisplayName = "Breed Finder";
				INFOPLIST_KEY_LSApplicationCategoryType = "public.app-category.utilities";
				INFOPLIST_KEY_NSCameraUsageDescription = "This app needs camera access to take photos of dogs so it can identify their breed\n“This app needs camera access to take photos of dogs so it can identify their breed.”\n";
				INFOPLIST_KEY_UIApplicationSceneManifest_Generation = YES;
				INFOPLIST_KEY_UIApplicationSupportsIndirectInputEvents = YES;
				INFOPLIST_KEY_UILaunchScreen_Generation = YES;
				INFOPLIST_KEY_UISupportedInterfaceOrientations = "UIInterfaceOrientationPortrait UIInterfaceOrientationPortraitUpsideDown";
				LD_RUNPATH_SEARCH_PATHS = (
					"$(inherited)",
					"@executable_path/Frameworks",
				);
				MARKETING_VERSION = 1.0;
				PRODUCT_BUNDLE_IDENTIFIER = "com.example.JSON-Handeling";
				PRODUCT_NAME = "$(TARGET_NAME)";
				SWIFT_EMIT_LOC_STRINGS = YES;
				SWIFT_VERSION = 5.0;
				TARGETED_DEVICE_FAMILY = "1,2";
			};
			name = Debug;
		};
		FB4DF84A2DBD3A530063EA35 /* Release */ = {
			isa = XCBuildConfiguration;
			buildSettings = {
				ASSETCATALOG_COMPILER_APPICON_NAME = AppIcon;
				ASSETCATALOG_COMPILER_GLOBAL_ACCENT_COLOR_NAME = AccentColor;
				CODE_SIGN_STYLE = Automatic;
				CURRENT_PROJECT_VERSION = 1;
				DEVELOPMENT_TEAM = U6XPHL92Z6;
				ENABLE_PREVIEWS = YES;
				GENERATE_INFOPLIST_FILE = YES;
				INFOPLIST_KEY_CFBundleDisplayName = "Breed Finder";
				INFOPLIST_KEY_LSApplicationCategoryType = "public.app-category.utilities";
				INFOPLIST_KEY_NSCameraUsageDescription = "This app needs camera access to take photos of dogs so it can identify their breed\n“This app needs camera access to take photos of dogs so it can identify their breed.”\n";
				INFOPLIST_KEY_UIApplicationSceneManifest_Generation = YES;
				INFOPLIST_KEY_UIApplicationSupportsIndirectInputEvents = YES;
				INFOPLIST_KEY_UILaunchScreen_Generation = YES;
				INFOPLIST_KEY_UISupportedInterfaceOrientations = "UIInterfaceOrientationPortrait UIInterfaceOrientationPortraitUpsideDown";
				LD_RUNPATH_SEARCH_PATHS = (
					"$(inherited)",
					"@executable_path/Frameworks",
				);
				MARKETING_VERSION = 1.0;
				PRODUCT_BUNDLE_IDENTIFIER = "com.example.JSON-Handeling";
				PRODUCT_NAME = "$(TARGET_NAME)";
				SWIFT_EMIT_LOC_STRINGS = YES;
				SWIFT_VERSION = 5.0;
				TARGETED_DEVICE_FAMILY = "1,2";
			};
			name = Release;
		};
		FB4DF84C2DBD3A530063EA35 /* Debug */ = {
			isa = XCBuildConfiguration;
			buildSettings = {
				BUNDLE_LOADER = "$(TEST_HOST)";
				CODE_SIGN_STYLE = Automatic;
				CURRENT_PROJECT_VERSION = 1;
				DEVELOPMENT_TEAM = U6XPHL92Z6;
				GENERATE_INFOPLIST_FILE = YES;
				IPHONEOS_DEPLOYMENT_TARGET = 18.4;
				MARKETING_VERSION = 1.0;
				PRODUCT_BUNDLE_IDENTIFIER = "com.example.JSON-HandelingTests";
				PRODUCT_NAME = "$(TARGET_NAME)";
				SWIFT_EMIT_LOC_STRINGS = NO;
				SWIFT_VERSION = 5.0;
				TARGETED_DEVICE_FAMILY = "1,2";
				TEST_HOST = "$(BUILT_PRODUCTS_DIR)/BreedFinder.app/$(BUNDLE_EXECUTABLE_FOLDER_PATH)/BreedFinder";
			};
			name = Debug;
		};
		FB4DF84D2DBD3A530063EA35 /* Release */ = {
			isa = XCBuildConfiguration;
			buildSettings = {
				BUNDLE_LOADER = "$(TEST_HOST)";
				CODE_SIGN_STYLE = Automatic;
				CURRENT_PROJECT_VERSION = 1;
				DEVELOPMENT_TEAM = U6XPHL92Z6;
				GENERATE_INFOPLIST_FILE = YES;
				IPHONEOS_DEPLOYMENT_TARGET = 18.4;
				MARKETING_VERSION = 1.0;
				PRODUCT_BUNDLE_IDENTIFIER = "com.example.JSON-HandelingTests";
				PRODUCT_NAME = "$(TARGET_NAME)";
				SWIFT_EMIT_LOC_STRINGS = NO;
				SWIFT_VERSION = 5.0;
				TARGETED_DEVICE_FAMILY = "1,2";
				TEST_HOST = "$(BUILT_PRODUCTS_DIR)/BreedFinder.app/$(BUNDLE_EXECUTABLE_FOLDER_PATH)/BreedFinder";
			};
			name = Release;
		};
		FB4DF84F2DBD3A530063EA35 /* Debug */ = {
			isa = XCBuildConfiguration;
			buildSettings = {
				CODE_SIGN_STYLE = Automatic;
				CURRENT_PROJECT_VERSION = 1;
				DEVELOPMENT_TEAM = U6XPHL92Z6;
				GENERATE_INFOPLIST_FILE = YES;
				MARKETING_VERSION = 1.0;
				PRODUCT_BUNDLE_IDENTIFIER = "com.example.JSON-HandelingUITests";
				PRODUCT_NAME = "$(TARGET_NAME)";
				SWIFT_EMIT_LOC_STRINGS = NO;
				SWIFT_VERSION = 5.0;
				TARGETED_DEVICE_FAMILY = "1,2";
				TEST_TARGET_NAME = JSON_Handeling;
			};
			name = Debug;
		};
		FB4DF8502DBD3A530063EA35 /* Release */ = {
			isa = XCBuildConfiguration;
			buildSettings = {
				CODE_SIGN_STYLE = Automatic;
				CURRENT_PROJECT_VERSION = 1;
				DEVELOPMENT_TEAM = U6XPHL92Z6;
				GENERATE_INFOPLIST_FILE = YES;
				MARKETING_VERSION = 1.0;
				PRODUCT_BUNDLE_IDENTIFIER = "com.example.JSON-HandelingUITests";
				PRODUCT_NAME = "$(TARGET_NAME)";
				SWIFT_EMIT_LOC_STRINGS = NO;
				SWIFT_VERSION = 5.0;
				TARGETED_DEVICE_FAMILY = "1,2";
				TEST_TARGET_NAME = JSON_Handeling;
			};
			name = Release;
		};
/* End XCBuildConfiguration section */

/* Begin XCConfigurationList section */
		FB4DF8222DBD3A520063EA35 /* Build configuration list for PBXProject "BreedFinder" */ = {
			isa = XCConfigurationList;
			buildConfigurations = (
				FB4DF8462DBD3A530063EA35 /* Debug */,
				FB4DF8472DBD3A530063EA35 /* Release */,
			);
			defaultConfigurationIsVisible = 0;
			defaultConfigurationName = Release;
		};
		FB4DF8482DBD3A530063EA35 /* Build configuration list for PBXNativeTarget "BreedFinder" */ = {
			isa = XCConfigurationList;
			buildConfigurations = (
				FB4DF8492DBD3A530063EA35 /* Debug */,
				FB4DF84A2DBD3A530063EA35 /* Release */,
			);
			defaultConfigurationIsVisible = 0;
			defaultConfigurationName = Release;
		};
		FB4DF84B2DBD3A530063EA35 /* Build configuration list for PBXNativeTarget "BreedFinderTests" */ = {
			isa = XCConfigurationList;
			buildConfigurations = (
				FB4DF84C2DBD3A530063EA35 /* Debug */,
				FB4DF84D2DBD3A530063EA35 /* Release */,
			);
			defaultConfigurationIsVisible = 0;
			defaultConfigurationName = Release;
		};
		FB4DF84E2DBD3A530063EA35 /* Build configuration list for PBXNativeTarget "BreedFinderUITests" */ = {
			isa = XCConfigurationList;
			buildConfigurations = (
				FB4DF84F2DBD3A530063EA35 /* Debug */,
				FB4DF8502DBD3A530063EA35 /* Release */,
			);
			defaultConfigurationIsVisible = 0;
			defaultConfigurationName = Release;
		};
/* End XCConfigurationList section */
	};
	rootObject = FB4DF81F2DBD3A520063EA35 /* Project object */;
}
